
Microsoft Visual Studio Solution File, Format Version 12.00
# Visual Studio Version 16
VisualStudioVersion = 16.0.32002.261
MinimumVisualStudioVersion = 10.0.40219.1
Project("{FAE04EC0-301F-11D3-BF4B-00C04F79EFBC}") = "Shop", "Shop\Shop.csproj", "{98A9982F-E7A7-4DF5-9A3D-EA06457D2E75}"
EndProject
Global
	GlobalSection(SolutionConfigurationPlatforms) = preSolution
		Debug|Any CPU = Debug|Any CPU
		Release|Any CPU = Release|Any CPU
	EndGlobalSection
	GlobalSection(ProjectConfigurationPlatforms) = postSolution
		{98A9982F-E7A7-4DF5-9A3D-EA06457D2E75}.Debug|Any CPU.ActiveCfg = Debug|Any CPU
		{98A9982F-E7A7-4DF5-9A3D-EA06457D2E75}.Debug|Any CPU.Build.0 = Debug|Any CPU
		{98A9982F-E7A7-4DF5-9A3D-EA06457D2E75}.Release|Any CPU.ActiveCfg = Release|Any CPU
		{98A9982F-E7A7-4DF5-9A3D-EA06457D2E75}.Release|Any CPU.Build.0 = Release|Any CPU
	EndGlobalSection
	GlobalSection(SolutionProperties) = preSolution
		HideSolutionNode = FALSE
	EndGlobalSection
	GlobalSection(ExtensibilityGlobals) = postSolution
		SolutionGuid = {DD736EAF-04B4-42DA-B1DA-841E2C15AF6E}
	EndGlobalSection
EndGlobal
